// !$*UTF8*$!
{
	archiveVersion = 1;
	classes = {
	};
	objectVersion = 50;
	objects = {

/* Begin PBXBuildFile section */
		CCE2A043EC7AF7C40A82A356 /* Pods_breakpoint.framework in Frameworks */ = {isa = PBXBuildFile; fileRef = A2B67C981934DF8E4F7DC3E6 /* Pods_breakpoint.framework */; };
		D3744D7D2088D65100D42425 /* AppDelegate.swift in Sources */ = {isa = PBXBuildFile; fileRef = D3744D7C2088D65100D42425 /* AppDelegate.swift */; };
		D3744D7F2088D65100D42425 /* FeedVC.swift in Sources */ = {isa = PBXBuildFile; fileRef = D3744D7E2088D65100D42425 /* FeedVC.swift */; };
		D3744D812088D65100D42425 /* GroupsVC.swift in Sources */ = {isa = PBXBuildFile; fileRef = D3744D802088D65100D42425 /* GroupsVC.swift */; };
		D3744D842088D65100D42425 /* Main.storyboard in Resources */ = {isa = PBXBuildFile; fileRef = D3744D822088D65100D42425 /* Main.storyboard */; };
		D3744D862088D65200D42425 /* Assets.xcassets in Resources */ = {isa = PBXBuildFile; fileRef = D3744D852088D65200D42425 /* Assets.xcassets */; };
		D3744D892088D65200D42425 /* LaunchScreen.storyboard in Resources */ = {isa = PBXBuildFile; fileRef = D3744D872088D65200D42425 /* LaunchScreen.storyboard */; };
		D3744D962088D9BD00D42425 /* GoogleService-Info.plist in Resources */ = {isa = PBXBuildFile; fileRef = D3744D952088D9BD00D42425 /* GoogleService-Info.plist */; };
		D37F4F1320A2266900521199 /* MeVC.swift in Sources */ = {isa = PBXBuildFile; fileRef = D37F4F1220A2266900521199 /* MeVC.swift */; };
		D37F4F1520A232F300521199 /* CreatePostVC.swift in Sources */ = {isa = PBXBuildFile; fileRef = D37F4F1420A232F300521199 /* CreatePostVC.swift */; };
		D37F4F1720A23AB700521199 /* UIViewExt.swift in Sources */ = {isa = PBXBuildFile; fileRef = D37F4F1620A23AB700521199 /* UIViewExt.swift */; };
		D37F4F1920A32CAA00521199 /* FeedCell.swift in Sources */ = {isa = PBXBuildFile; fileRef = D37F4F1820A32CAA00521199 /* FeedCell.swift */; };
		D37F4F1B20A330A000521199 /* Message.swift in Sources */ = {isa = PBXBuildFile; fileRef = D37F4F1A20A330A000521199 /* Message.swift */; };
		D3CDBD7220A495CE00AF24AB /* CreateGroupsVC.swift in Sources */ = {isa = PBXBuildFile; fileRef = D3CDBD7120A495CE00AF24AB /* CreateGroupsVC.swift */; };
		D3CDBD7420A49FFF00AF24AB /* UserCell.swift in Sources */ = {isa = PBXBuildFile; fileRef = D3CDBD7320A49FFF00AF24AB /* UserCell.swift */; };
		D3CDBD7620A4E29100AF24AB /* GroupCell.swift in Sources */ = {isa = PBXBuildFile; fileRef = D3CDBD7520A4E29100AF24AB /* GroupCell.swift */; };
		D3CDBD7820A5CB2800AF24AB /* Group.swift in Sources */ = {isa = PBXBuildFile; fileRef = D3CDBD7720A5CB2800AF24AB /* Group.swift */; };
		D3CDBD7A20A5D89100AF24AB /* GroupFeedCell.swift in Sources */ = {isa = PBXBuildFile; fileRef = D3CDBD7920A5D89100AF24AB /* GroupFeedCell.swift */; };
		D3CDBD7C20A5D94500AF24AB /* GroupFeedVC.swift in Sources */ = {isa = PBXBuildFile; fileRef = D3CDBD7B20A5D94500AF24AB /* GroupFeedVC.swift */; };
		D3DECCC620A5F7D300ADAAAF /* UIViewControllerEXT.swift in Sources */ = {isa = PBXBuildFile; fileRef = D3DECCC520A5F7D300ADAAAF /* UIViewControllerEXT.swift */; };
		D3FF95F72088DC86007CBAE5 /* DataService.swift in Sources */ = {isa = PBXBuildFile; fileRef = D3FF95F62088DC86007CBAE5 /* DataService.swift */; };
		D3FF95F92088EBBE007CBAE5 /* AuthVC.swift in Sources */ = {isa = PBXBuildFile; fileRef = D3FF95F82088EBBE007CBAE5 /* AuthVC.swift */; };
		D3FF95FB2088EBCE007CBAE5 /* LoginVC.swift in Sources */ = {isa = PBXBuildFile; fileRef = D3FF95FA2088EBCE007CBAE5 /* LoginVC.swift */; };
		D3FF95FD2088EC7A007CBAE5 /* InsetTextField.swift in Sources */ = {isa = PBXBuildFile; fileRef = D3FF95FC2088EC7A007CBAE5 /* InsetTextField.swift */; };
		D3FF95FF2088F028007CBAE5 /* ShadowView.swift in Sources */ = {isa = PBXBuildFile; fileRef = D3FF95FE2088F028007CBAE5 /* ShadowView.swift */; };
		D3FF9601208919B5007CBAE5 /* AuthService.swift in Sources */ = {isa = PBXBuildFile; fileRef = D3FF9600208919B5007CBAE5 /* AuthService.swift */; };
/* End PBXBuildFile section */

/* Begin PBXFileReference section */
		2F78CBA32732A709E6AE6D76 /* Pods-breakpoint.debug.xcconfig */ = {isa = PBXFileReference; includeInIndex = 1; lastKnownFileType = text.xcconfig; name = "Pods-breakpoint.debug.xcconfig"; path = "Pods/Target Support Files/Pods-breakpoint/Pods-breakpoint.debug.xcconfig"; sourceTree = "<group>"; };
		6FBBC1505B0F772E0AFFD2B9 /* Pods-breakpoint.release.xcconfig */ = {isa = PBXFileReference; includeInIndex = 1; lastKnownFileType = text.xcconfig; name = "Pods-breakpoint.release.xcconfig"; path = "Pods/Target Support Files/Pods-breakpoint/Pods-breakpoint.release.xcconfig"; sourceTree = "<group>"; };
		A2B67C981934DF8E4F7DC3E6 /* Pods_breakpoint.framework */ = {isa = PBXFileReference; explicitFileType = wrapper.framework; includeInIndex = 0; path = Pods_breakpoint.framework; sourceTree = BUILT_PRODUCTS_DIR; };
		D3744D792088D65100D42425 /* breakpoint.app */ = {isa = PBXFileReference; explicitFileType = wrapper.application; includeInIndex = 0; path = breakpoint.app; sourceTree = BUILT_PRODUCTS_DIR; };
		D3744D7C2088D65100D42425 /* AppDelegate.swift */ = {isa = PBXFileReference; lastKnownFileType = sourcecode.swift; path = AppDelegate.swift; sourceTree = "<group>"; };
		D3744D7E2088D65100D42425 /* FeedVC.swift */ = {isa = PBXFileReference; lastKnownFileType = sourcecode.swift; path = FeedVC.swift; sourceTree = "<group>"; };
		D3744D802088D65100D42425 /* GroupsVC.swift */ = {isa = PBXFileReference; lastKnownFileType = sourcecode.swift; path = GroupsVC.swift; sourceTree = "<group>"; };
		D3744D832088D65100D42425 /* Base */ = {isa = PBXFileReference; lastKnownFileType = file.storyboard; name = Base; path = Base.lproj/Main.storyboard; sourceTree = "<group>"; };
		D3744D852088D65200D42425 /* Assets.xcassets */ = {isa = PBXFileReference; lastKnownFileType = folder.assetcatalog; path = Assets.xcassets; sourceTree = "<group>"; };
		D3744D882088D65200D42425 /* Base */ = {isa = PBXFileReference; lastKnownFileType = file.storyboard; name = Base; path = Base.lproj/LaunchScreen.storyboard; sourceTree = "<group>"; };
		D3744D8A2088D65200D42425 /* Info.plist */ = {isa = PBXFileReference; lastKnownFileType = text.plist.xml; path = Info.plist; sourceTree = "<group>"; };
		D3744D952088D9BD00D42425 /* GoogleService-Info.plist */ = {isa = PBXFileReference; fileEncoding = 4; lastKnownFileType = text.plist.xml; path = "GoogleService-Info.plist"; sourceTree = "<group>"; };
		D37F4F1220A2266900521199 /* MeVC.swift */ = {isa = PBXFileReference; lastKnownFileType = sourcecode.swift; path = MeVC.swift; sourceTree = "<group>"; };
		D37F4F1420A232F300521199 /* CreatePostVC.swift */ = {isa = PBXFileReference; lastKnownFileType = sourcecode.swift; path = CreatePostVC.swift; sourceTree = "<group>"; };
		D37F4F1620A23AB700521199 /* UIViewExt.swift */ = {isa = PBXFileReference; lastKnownFileType = sourcecode.swift; path = UIViewExt.swift; sourceTree = "<group>"; };
		D37F4F1820A32CAA00521199 /* FeedCell.swift */ = {isa = PBXFileReference; lastKnownFileType = sourcecode.swift; path = FeedCell.swift; sourceTree = "<group>"; };
		D37F4F1A20A330A000521199 /* Message.swift */ = {isa = PBXFileReference; lastKnownFileType = sourcecode.swift; path = Message.swift; sourceTree = "<group>"; };
		D3CDBD7120A495CE00AF24AB /* CreateGroupsVC.swift */ = {isa = PBXFileReference; lastKnownFileType = sourcecode.swift; path = CreateGroupsVC.swift; sourceTree = "<group>"; };
		D3CDBD7320A49FFF00AF24AB /* UserCell.swift */ = {isa = PBXFileReference; lastKnownFileType = sourcecode.swift; path = UserCell.swift; sourceTree = "<group>"; };
		D3CDBD7520A4E29100AF24AB /* GroupCell.swift */ = {isa = PBXFileReference; lastKnownFileType = sourcecode.swift; path = GroupCell.swift; sourceTree = "<group>"; };
		D3CDBD7720A5CB2800AF24AB /* Group.swift */ = {isa = PBXFileReference; lastKnownFileType = sourcecode.swift; path = Group.swift; sourceTree = "<group>"; };
		D3CDBD7920A5D89100AF24AB /* GroupFeedCell.swift */ = {isa = PBXFileReference; lastKnownFileType = sourcecode.swift; path = GroupFeedCell.swift; sourceTree = "<group>"; };
		D3CDBD7B20A5D94500AF24AB /* GroupFeedVC.swift */ = {isa = PBXFileReference; lastKnownFileType = sourcecode.swift; path = GroupFeedVC.swift; sourceTree = "<group>"; };
		D3DECCC520A5F7D300ADAAAF /* UIViewControllerEXT.swift */ = {isa = PBXFileReference; lastKnownFileType = sourcecode.swift; path = UIViewControllerEXT.swift; sourceTree = "<group>"; };
		D3FF95F62088DC86007CBAE5 /* DataService.swift */ = {isa = PBXFileReference; lastKnownFileType = sourcecode.swift; path = DataService.swift; sourceTree = "<group>"; };
		D3FF95F82088EBBE007CBAE5 /* AuthVC.swift */ = {isa = PBXFileReference; lastKnownFileType = sourcecode.swift; path = AuthVC.swift; sourceTree = "<group>"; };
		D3FF95FA2088EBCE007CBAE5 /* LoginVC.swift */ = {isa = PBXFileReference; lastKnownFileType = sourcecode.swift; path = LoginVC.swift; sourceTree = "<group>"; };
		D3FF95FC2088EC7A007CBAE5 /* InsetTextField.swift */ = {isa = PBXFileReference; lastKnownFileType = sourcecode.swift; path = InsetTextField.swift; sourceTree = "<group>"; };
		D3FF95FE2088F028007CBAE5 /* ShadowView.swift */ = {isa = PBXFileReference; lastKnownFileType = sourcecode.swift; path = ShadowView.swift; sourceTree = "<group>"; };
		D3FF9600208919B5007CBAE5 /* AuthService.swift */ = {isa = PBXFileReference; lastKnownFileType = sourcecode.swift; path = AuthService.swift; sourceTree = "<group>"; };
/* End PBXFileReference section */

/* Begin PBXFrameworksBuildPhase section */
		D3744D762088D65100D42425 /* Frameworks */ = {
			isa = PBXFrameworksBuildPhase;
			buildActionMask = 2147483647;
			files = (
				CCE2A043EC7AF7C40A82A356 /* Pods_breakpoint.framework in Frameworks */,
			);
			runOnlyForDeploymentPostprocessing = 0;
		};
/* End PBXFrameworksBuildPhase section */

/* Begin PBXGroup section */
		C4B645039610C016B0AC1B83 /* Frameworks */ = {
			isa = PBXGroup;
			children = (
				A2B67C981934DF8E4F7DC3E6 /* Pods_breakpoint.framework */,
			);
			name = Frameworks;
			sourceTree = "<group>";
		};
		C829AB06F93E9AEBD3D3D16A /* Pods */ = {
			isa = PBXGroup;
			children = (
				2F78CBA32732A709E6AE6D76 /* Pods-breakpoint.debug.xcconfig */,
				6FBBC1505B0F772E0AFFD2B9 /* Pods-breakpoint.release.xcconfig */,
			);
			name = Pods;
			sourceTree = "<group>";
		};
		D3744D702088D65100D42425 = {
			isa = PBXGroup;
			children = (
				D3744D7B2088D65100D42425 /* breakpoint */,
				D3744D7A2088D65100D42425 /* Products */,
				C829AB06F93E9AEBD3D3D16A /* Pods */,
				C4B645039610C016B0AC1B83 /* Frameworks */,
			);
			sourceTree = "<group>";
		};
		D3744D7A2088D65100D42425 /* Products */ = {
			isa = PBXGroup;
			children = (
				D3744D792088D65100D42425 /* breakpoint.app */,
			);
			name = Products;
			sourceTree = "<group>";
		};
		D3744D7B2088D65100D42425 /* breakpoint */ = {
			isa = PBXGroup;
			children = (
				D3744D942088D83D00D42425 /* Services */,
				D3744D932088D81100D42425 /* Extensions */,
				D3744D922088D7FD00D42425 /* Model */,
				D3744D912088D7F300D42425 /* View */,
				D3744D902088D7C200D42425 /* Controller */,
				D3744D7C2088D65100D42425 /* AppDelegate.swift */,
				D3744D822088D65100D42425 /* Main.storyboard */,
				D3744D852088D65200D42425 /* Assets.xcassets */,
				D3744D872088D65200D42425 /* LaunchScreen.storyboard */,
				D3744D8A2088D65200D42425 /* Info.plist */,
				D3744D952088D9BD00D42425 /* GoogleService-Info.plist */,
			);
			path = breakpoint;
			sourceTree = "<group>";
		};
		D3744D902088D7C200D42425 /* Controller */ = {
			isa = PBXGroup;
			children = (
				D3744D7E2088D65100D42425 /* FeedVC.swift */,
				D3744D802088D65100D42425 /* GroupsVC.swift */,
				D3FF95F82088EBBE007CBAE5 /* AuthVC.swift */,
				D3FF95FA2088EBCE007CBAE5 /* LoginVC.swift */,
				D37F4F1220A2266900521199 /* MeVC.swift */,
				D37F4F1420A232F300521199 /* CreatePostVC.swift */,
				D3CDBD7120A495CE00AF24AB /* CreateGroupsVC.swift */,
				D3CDBD7B20A5D94500AF24AB /* GroupFeedVC.swift */,
			);
			path = Controller;
			sourceTree = "<group>";
		};
		D3744D912088D7F300D42425 /* View */ = {
			isa = PBXGroup;
			children = (
				D3FF95FC2088EC7A007CBAE5 /* InsetTextField.swift */,
				D3FF95FE2088F028007CBAE5 /* ShadowView.swift */,
				D37F4F1820A32CAA00521199 /* FeedCell.swift */,
				D3CDBD7320A49FFF00AF24AB /* UserCell.swift */,
				D3CDBD7520A4E29100AF24AB /* GroupCell.swift */,
				D3CDBD7920A5D89100AF24AB /* GroupFeedCell.swift */,
			);
			path = View;
			sourceTree = "<group>";
		};
		D3744D922088D7FD00D42425 /* Model */ = {
			isa = PBXGroup;
			children = (
				D37F4F1A20A330A000521199 /* Message.swift */,
				D3CDBD7720A5CB2800AF24AB /* Group.swift */,
			);
			path = Model;
			sourceTree = "<group>";
		};
		D3744D932088D81100D42425 /* Extensions */ = {
			isa = PBXGroup;
			children = (
				D37F4F1620A23AB700521199 /* UIViewExt.swift */,
				D3DECCC520A5F7D300ADAAAF /* UIViewControllerEXT.swift */,
			);
			path = Extensions;
			sourceTree = "<group>";
		};
		D3744D942088D83D00D42425 /* Services */ = {
			isa = PBXGroup;
			children = (
				D3FF95F62088DC86007CBAE5 /* DataService.swift */,
				D3FF9600208919B5007CBAE5 /* AuthService.swift */,
			);
			path = Services;
			sourceTree = "<group>";
		};
/* End PBXGroup section */

/* Begin PBXNativeTarget section */
		D3744D782088D65100D42425 /* breakpoint */ = {
			isa = PBXNativeTarget;
			buildConfigurationList = D3744D8D2088D65200D42425 /* Build configuration list for PBXNativeTarget "breakpoint" */;
			buildPhases = (
				104285315E2A3F843CF3010B /* [CP] Check Pods Manifest.lock */,
				D3744D752088D65100D42425 /* Sources */,
				D3744D762088D65100D42425 /* Frameworks */,
				D3744D772088D65100D42425 /* Resources */,
				074D070122656B642F5A4FF5 /* [CP] Embed Pods Frameworks */,
			);
			buildRules = (
			);
			dependencies = (
			);
			name = breakpoint;
			productName = breakpoint;
			productReference = D3744D792088D65100D42425 /* breakpoint.app */;
			productType = "com.apple.product-type.application";
		};
/* End PBXNativeTarget section */

/* Begin PBXProject section */
		D3744D712088D65100D42425 /* Project object */ = {
			isa = PBXProject;
			attributes = {
				LastSwiftUpdateCheck = 0940;
				LastUpgradeCheck = 0940;
				ORGANIZATIONNAME = "Zac Saltzman";
				TargetAttributes = {
					D3744D782088D65100D42425 = {
						CreatedOnToolsVersion = 9.4;
					};
				};
			};
			buildConfigurationList = D3744D742088D65100D42425 /* Build configuration list for PBXProject "breakpoint" */;
			compatibilityVersion = "Xcode 9.3";
			developmentRegion = en;
			hasScannedForEncodings = 0;
			knownRegions = (
				en,
				Base,
			);
			mainGroup = D3744D702088D65100D42425;
			productRefGroup = D3744D7A2088D65100D42425 /* Products */;
			projectDirPath = "";
			projectRoot = "";
			targets = (
				D3744D782088D65100D42425 /* breakpoint */,
			);
		};
/* End PBXProject section */

/* Begin PBXResourcesBuildPhase section */
		D3744D772088D65100D42425 /* Resources */ = {
			isa = PBXResourcesBuildPhase;
			buildActionMask = 2147483647;
			files = (
				D3744D892088D65200D42425 /* LaunchScreen.storyboard in Resources */,
				D3744D962088D9BD00D42425 /* GoogleService-Info.plist in Resources */,
				D3744D862088D65200D42425 /* Assets.xcassets in Resources */,
				D3744D842088D65100D42425 /* Main.storyboard in Resources */,
			);
			runOnlyForDeploymentPostprocessing = 0;
		};
/* End PBXResourcesBuildPhase section */

/* Begin PBXShellScriptBuildPhase section */
		074D070122656B642F5A4FF5 /* [CP] Embed Pods Frameworks */ = {
			isa = PBXShellScriptBuildPhase;
			buildActionMask = 2147483647;
			files = (
			);
			inputPaths = (
				"${SRCROOT}/Pods/Target Support Files/Pods-breakpoint/Pods-breakpoint-frameworks.sh",
				"${BUILT_PRODUCTS_DIR}/GTMSessionFetcher/GTMSessionFetcher.framework",
				"${BUILT_PRODUCTS_DIR}/GoogleToolboxForMac/GoogleToolboxForMac.framework",
				"${BUILT_PRODUCTS_DIR}/leveldb-library/leveldb.framework",
				"${BUILT_PRODUCTS_DIR}/nanopb/nanopb.framework",
			);
			name = "[CP] Embed Pods Frameworks";
			outputPaths = (
				"${TARGET_BUILD_DIR}/${FRAMEWORKS_FOLDER_PATH}/GTMSessionFetcher.framework",
				"${TARGET_BUILD_DIR}/${FRAMEWORKS_FOLDER_PATH}/GoogleToolboxForMac.framework",
				"${TARGET_BUILD_DIR}/${FRAMEWORKS_FOLDER_PATH}/leveldb.framework",
				"${TARGET_BUILD_DIR}/${FRAMEWORKS_FOLDER_PATH}/nanopb.framework",
			);
			runOnlyForDeploymentPostprocessing = 0;
			shellPath = /bin/sh;
			shellScript = "\"${SRCROOT}/Pods/Target Support Files/Pods-breakpoint/Pods-breakpoint-frameworks.sh\"\n";
			showEnvVarsInLog = 0;
		};
		104285315E2A3F843CF3010B /* [CP] Check Pods Manifest.lock */ = {
			isa = PBXShellScriptBuildPhase;
			buildActionMask = 2147483647;
			files = (
			);
			inputPaths = (
				"${PODS_PODFILE_DIR_PATH}/Podfile.lock",
				"${PODS_ROOT}/Manifest.lock",
			);
			name = "[CP] Check Pods Manifest.lock";
			outputPaths = (
				"$(DERIVED_FILE_DIR)/Pods-breakpoint-checkManifestLockResult.txt",
			);
			runOnlyForDeploymentPostprocessing = 0;
			shellPath = /bin/sh;
			shellScript = "diff \"${PODS_PODFILE_DIR_PATH}/Podfile.lock\" \"${PODS_ROOT}/Manifest.lock\" > /dev/null\nif [ $? != 0 ] ; then\n    # print error to STDERR\n    echo \"error: The sandbox is not in sync with the Podfile.lock. Run 'pod install' or update your CocoaPods installation.\" >&2\n    exit 1\nfi\n# This output is used by Xcode 'outputs' to avoid re-running this script phase.\necho \"SUCCESS\" > \"${SCRIPT_OUTPUT_FILE_0}\"\n";
			showEnvVarsInLog = 0;
		};
/* End PBXShellScriptBuildPhase section */

/* Begin PBXSourcesBuildPhase section */
		D3744D752088D65100D42425 /* Sources */ = {
			isa = PBXSourcesBuildPhase;
			buildActionMask = 2147483647;
			files = (
				D37F4F1720A23AB700521199 /* UIViewExt.swift in Sources */,
				D37F4F1920A32CAA00521199 /* FeedCell.swift in Sources */,
				D37F4F1320A2266900521199 /* MeVC.swift in Sources */,
				D3CDBD7620A4E29100AF24AB /* GroupCell.swift in Sources */,
				D3FF95F92088EBBE007CBAE5 /* AuthVC.swift in Sources */,
				D3744D812088D65100D42425 /* GroupsVC.swift in Sources */,
				D3CDBD7C20A5D94500AF24AB /* GroupFeedVC.swift in Sources */,
				D3CDBD7A20A5D89100AF24AB /* GroupFeedCell.swift in Sources */,
				D3FF95FB2088EBCE007CBAE5 /* LoginVC.swift in Sources */,
				D3FF9601208919B5007CBAE5 /* AuthService.swift in Sources */,
				D3CDBD7220A495CE00AF24AB /* CreateGroupsVC.swift in Sources */,
				D3CDBD7820A5CB2800AF24AB /* Group.swift in Sources */,
				D3CDBD7420A49FFF00AF24AB /* UserCell.swift in Sources */,
				D3744D7D2088D65100D42425 /* AppDelegate.swift in Sources */,
				D3FF95FF2088F028007CBAE5 /* ShadowView.swift in Sources */,
				D37F4F1520A232F300521199 /* CreatePostVC.swift in Sources */,
				D3DECCC620A5F7D300ADAAAF /* UIViewControllerEXT.swift in Sources */,
				D3744D7F2088D65100D42425 /* FeedVC.swift in Sources */,
				D3FF95FD2088EC7A007CBAE5 /* InsetTextField.swift in Sources */,
				D3FF95F72088DC86007CBAE5 /* DataService.swift in Sources */,
				D37F4F1B20A330A000521199 /* Message.swift in Sources */,
			);
			runOnlyForDeploymentPostprocessing = 0;
		};
/* End PBXSourcesBuildPhase section */

/* Begin PBXVariantGroup section */
		D3744D822088D65100D42425 /* Main.storyboard */ = {
			isa = PBXVariantGroup;
			children = (
				D3744D832088D65100D42425 /* Base */,
			);
			name = Main.storyboard;
			sourceTree = "<group>";
		};
		D3744D872088D65200D42425 /* LaunchScreen.storyboard */ = {
			isa = PBXVariantGroup;
			children = (
				D3744D882088D65200D42425 /* Base */,
			);
			name = LaunchScreen.storyboard;
			sourceTree = "<group>";
		};
/* End PBXVariantGroup section */

/* Begin XCBuildConfiguration section */
		D3744D8B2088D65200D42425 /* Debug */ = {
			isa = XCBuildConfiguration;
			buildSettings = {
				ALWAYS_SEARCH_USER_PATHS = NO;
				CLANG_ANALYZER_NONNULL = YES;
				CLANG_ANALYZER_NUMBER_OBJECT_CONVERSION = YES_AGGRESSIVE;
				CLANG_CXX_LANGUAGE_STANDARD = "gnu++14";
				CLANG_CXX_LIBRARY = "libc++";
				CLANG_ENABLE_MODULES = YES;
				CLANG_ENABLE_OBJC_ARC = YES;
				CLANG_ENABLE_OBJC_WEAK = YES;
				CLANG_WARN_BLOCK_CAPTURE_AUTORELEASING = YES;
				CLANG_WARN_BOOL_CONVERSION = YES;
				CLANG_WARN_COMMA = YES;
				CLANG_WARN_CONSTANT_CONVERSION = YES;
				CLANG_WARN_DEPRECATED_OBJC_IMPLEMENTATIONS = YES;
				CLANG_WARN_DIRECT_OBJC_ISA_USAGE = YES_ERROR;
				CLANG_WARN_DOCUMENTATION_COMMENTS = YES;
				CLANG_WARN_EMPTY_BODY = YES;
				CLANG_WARN_ENUM_CONVERSION = YES;
				CLANG_WARN_INFINITE_RECURSION = YES;
				CLANG_WARN_INT_CONVERSION = YES;
				CLANG_WARN_NON_LITERAL_NULL_CONVERSION = YES;
				CLANG_WARN_OBJC_IMPLICIT_RETAIN_SELF = YES;
				CLANG_WARN_OBJC_LITERAL_CONVERSION = YES;
				CLANG_WARN_OBJC_ROOT_CLASS = YES_ERROR;
				CLANG_WARN_RANGE_LOOP_ANALYSIS = YES;
				CLANG_WARN_STRICT_PROTOTYPES = YES;
				CLANG_WARN_SUSPICIOUS_MOVE = YES;
				CLANG_WARN_UNGUARDED_AVAILABILITY = YES_AGGRESSIVE;
				CLANG_WARN_UNREACHABLE_CODE = YES;
				CLANG_WARN__DUPLICATE_METHOD_MATCH = YES;
				CODE_SIGN_IDENTITY = "iPhone Developer";
				COPY_PHASE_STRIP = NO;
				DEBUG_INFORMATION_FORMAT = dwarf;
				ENABLE_STRICT_OBJC_MSGSEND = YES;
				ENABLE_TESTABILITY = YES;
				GCC_C_LANGUAGE_STANDARD = gnu11;
				GCC_DYNAMIC_NO_PIC = NO;
				GCC_NO_COMMON_BLOCKS = YES;
				GCC_OPTIMIZATION_LEVEL = 0;
				GCC_PREPROCESSOR_DEFINITIONS = (
					"DEBUG=1",
					"$(inherited)",
				);
				GCC_WARN_64_TO_32_BIT_CONVERSION = YES;
				GCC_WARN_ABOUT_RETURN_TYPE = YES_ERROR;
				GCC_WARN_UNDECLARED_SELECTOR = YES;
				GCC_WARN_UNINITIALIZED_AUTOS = YES_AGGRESSIVE;
				GCC_WARN_UNUSED_FUNCTION = YES;
				GCC_WARN_UNUSED_VARIABLE = YES;
				IPHONEOS_DEPLOYMENT_TARGET = 11.4;
				MTL_ENABLE_DEBUG_INFO = YES;
				ONLY_ACTIVE_ARCH = YES;
				SDKROOT = iphoneos;
				SWIFT_ACTIVE_COMPILATION_CONDITIONS = DEBUG;
				SWIFT_OPTIMIZATION_LEVEL = "-Onone";
			};
			name = Debug;
		};
		D3744D8C2088D65200D42425 /* Release */ = {
			isa = XCBuildConfiguration;
			buildSettings = {
				ALWAYS_SEARCH_USER_PATHS = NO;
				CLANG_ANALYZER_NONNULL = YES;
				CLANG_ANALYZER_NUMBER_OBJECT_CONVERSION = YES_AGGRESSIVE;
				CLANG_CXX_LANGUAGE_STANDARD = "gnu++14";
				CLANG_CXX_LIBRARY = "libc++";
				CLANG_ENABLE_MODULES = YES;
				CLANG_ENABLE_OBJC_ARC = YES;
				CLANG_ENABLE_OBJC_WEAK = YES;
				CLANG_WARN_BLOCK_CAPTURE_AUTORELEASING = YES;
				CLANG_WARN_BOOL_CONVERSION = YES;
				CLANG_WARN_COMMA = YES;
				CLANG_WARN_CONSTANT_CONVERSION = YES;
				CLANG_WARN_DEPRECATED_OBJC_IMPLEMENTATIONS = YES;
				CLANG_WARN_DIRECT_OBJC_ISA_USAGE = YES_ERROR;
				CLANG_WARN_DOCUMENTATION_COMMENTS = YES;
				CLANG_WARN_EMPTY_BODY = YES;
				CLANG_WARN_ENUM_CONVERSION = YES;
				CLANG_WARN_INFINITE_RECURSION = YES;
				CLANG_WARN_INT_CONVERSION = YES;
				CLANG_WARN_NON_LITERAL_NULL_CONVERSION = YES;
				CLANG_WARN_OBJC_IMPLICIT_RETAIN_SELF = YES;
				CLANG_WARN_OBJC_LITERAL_CONVERSION = YES;
				CLANG_WARN_OBJC_ROOT_CLASS = YES_ERROR;
				CLANG_WARN_RANGE_LOOP_ANALYSIS = YES;
				CLANG_WARN_STRICT_PROTOTYPES = YES;
				CLANG_WARN_SUSPICIOUS_MOVE = YES;
				CLANG_WARN_UNGUARDED_AVAILABILITY = YES_AGGRESSIVE;
				CLANG_WARN_UNREACHABLE_CODE = YES;
				CLANG_WARN__DUPLICATE_METHOD_MATCH = YES;
				CODE_SIGN_IDENTITY = "iPhone Developer";
				COPY_PHASE_STRIP = NO;
				DEBUG_INFORMATION_FORMAT = "dwarf-with-dsym";
				ENABLE_NS_ASSERTIONS = NO;
				ENABLE_STRICT_OBJC_MSGSEND = YES;
				GCC_C_LANGUAGE_STANDARD = gnu11;
				GCC_NO_COMMON_BLOCKS = YES;
				GCC_WARN_64_TO_32_BIT_CONVERSION = YES;
				GCC_WARN_ABOUT_RETURN_TYPE = YES_ERROR;
				GCC_WARN_UNDECLARED_SELECTOR = YES;
				GCC_WARN_UNINITIALIZED_AUTOS = YES_AGGRESSIVE;
				GCC_WARN_UNUSED_FUNCTION = YES;
				GCC_WARN_UNUSED_VARIABLE = YES;
				IPHONEOS_DEPLOYMENT_TARGET = 11.4;
				MTL_ENABLE_DEBUG_INFO = NO;
				SDKROOT = iphoneos;
				SWIFT_COMPILATION_MODE = wholemodule;
				SWIFT_OPTIMIZATION_LEVEL = "-O";
				VALIDATE_PRODUCT = YES;
			};
			name = Release;
		};
		D3744D8E2088D65200D42425 /* Debug */ = {
			isa = XCBuildConfiguration;
			baseConfigurationReference = 2F78CBA32732A709E6AE6D76 /* Pods-breakpoint.debug.xcconfig */;
			buildSettings = {
				ASSETCATALOG_COMPILER_APPICON_NAME = AppIcon;
				CODE_SIGN_STYLE = Automatic;
				DEVELOPMENT_TEAM = VW9K9BQ6QN;
				INFOPLIST_FILE = breakpoint/Info.plist;
				LD_RUNPATH_SEARCH_PATHS = (
					"$(inherited)",
					"@executable_path/Frameworks",
				);
				PRODUCT_BUNDLE_IDENTIFIER = MorseLife.breakpoint;
				PRODUCT_NAME = "$(TARGET_NAME)";
				SWIFT_VERSION = 4.0;
				TARGETED_DEVICE_FAMILY = "1,2";
			};
			name = Debug;
		};
		D3744D8F2088D65200D42425 /* Release */ = {
			isa = XCBuildConfiguration;
			baseConfigurationReference = 6FBBC1505B0F772E0AFFD2B9 /* Pods-breakpoint.release.xcconfig */;
			buildSettings = {
				ASSETCATALOG_COMPILER_APPICON_NAME = AppIcon;
				CODE_SIGN_STYLE = Automatic;
				DEVELOPMENT_TEAM = VW9K9BQ6QN;
				INFOPLIST_FILE = breakpoint/Info.plist;
				LD_RUNPATH_SEARCH_PATHS = (
					"$(inherited)",
					"@executable_path/Frameworks",
				);
				PRODUCT_BUNDLE_IDENTIFIER = MorseLife.breakpoint;
				PRODUCT_NAME = "$(TARGET_NAME)";
				SWIFT_VERSION = 4.0;
				TARGETED_DEVICE_FAMILY = "1,2";
			};
			name = Release;
		};
/* End XCBuildConfiguration section */

/* Begin XCConfigurationList section */
		D3744D742088D65100D42425 /* Build configuration list for PBXProject "breakpoint" */ = {
			isa = XCConfigurationList;
			buildConfigurations = (
				D3744D8B2088D65200D42425 /* Debug */,
				D3744D8C2088D65200D42425 /* Release */,
			);
			defaultConfigurationIsVisible = 0;
			defaultConfigurationName = Release;
		};
		D3744D8D2088D65200D42425 /* Build configuration list for PBXNativeTarget "breakpoint" */ = {
			isa = XCConfigurationList;
			buildConfigurations = (
				D3744D8E2088D65200D42425 /* Debug */,
				D3744D8F2088D65200D42425 /* Release */,
			);
			defaultConfigurationIsVisible = 0;
			defaultConfigurationName = Release;
		};
/* End XCConfigurationList section */
	};
	rootObject = D3744D712088D65100D42425 /* Project object */;
}
